// !$*UTF8*$!
{
	archiveVersion = 1;
	classes = {
	};
	objectVersion = 50;
	objects = {

/* Begin PBXBuildFile section */
		264EB3C02347A534004DB01D /* AppDelegate.swift in Sources */ = {isa = PBXBuildFile; fileRef = 264EB3BF2347A534004DB01D /* AppDelegate.swift */; };
		264EB3C22347A534004DB01D /* GameScene.sks in Resources */ = {isa = PBXBuildFile; fileRef = 264EB3C12347A534004DB01D /* GameScene.sks */; };
		264EB3C42347A534004DB01D /* Actions.sks in Resources */ = {isa = PBXBuildFile; fileRef = 264EB3C32347A534004DB01D /* Actions.sks */; };
		264EB3C62347A534004DB01D /* GameScene.swift in Sources */ = {isa = PBXBuildFile; fileRef = 264EB3C52347A534004DB01D /* GameScene.swift */; };
		264EB3C82347A534004DB01D /* GameViewController.swift in Sources */ = {isa = PBXBuildFile; fileRef = 264EB3C72347A534004DB01D /* GameViewController.swift */; };
		264EB3CB2347A534004DB01D /* Main.storyboard in Resources */ = {isa = PBXBuildFile; fileRef = 264EB3C92347A534004DB01D /* Main.storyboard */; };
		264EB3CD2347A535004DB01D /* Assets.xcassets in Resources */ = {isa = PBXBuildFile; fileRef = 264EB3CC2347A535004DB01D /* Assets.xcassets */; };
		264EB3D02347A535004DB01D /* LaunchScreen.storyboard in Resources */ = {isa = PBXBuildFile; fileRef = 264EB3CE2347A535004DB01D /* LaunchScreen.storyboard */; };
		264EB3DA2347BB96004DB01D /* PressStart2P.ttf in Resources */ = {isa = PBXBuildFile; fileRef = 264EB3D92347BB96004DB01D /* PressStart2P.ttf */; };
/* End PBXBuildFile section */

/* Begin PBXFileReference section */
		264EB3BC2347A534004DB01D /* Pong.app */ = {isa = PBXFileReference; explicitFileType = wrapper.application; includeInIndex = 0; path = Pong.app; sourceTree = BUILT_PRODUCTS_DIR; };
		264EB3BF2347A534004DB01D /* AppDelegate.swift */ = {isa = PBXFileReference; lastKnownFileType = sourcecode.swift; path = AppDelegate.swift; sourceTree = "<group>"; };
		264EB3C12347A534004DB01D /* GameScene.sks */ = {isa = PBXFileReference; lastKnownFileType = file.sks; path = GameScene.sks; sourceTree = "<group>"; };
		264EB3C32347A534004DB01D /* Actions.sks */ = {isa = PBXFileReference; lastKnownFileType = file.sks; path = Actions.sks; sourceTree = "<group>"; };
		264EB3C52347A534004DB01D /* GameScene.swift */ = {isa = PBXFileReference; lastKnownFileType = sourcecode.swift; path = GameScene.swift; sourceTree = "<group>"; };
		264EB3C72347A534004DB01D /* GameViewController.swift */ = {isa = PBXFileReference; lastKnownFileType = sourcecode.swift; path = GameViewController.swift; sourceTree = "<group>"; };
		264EB3CA2347A534004DB01D /* Base */ = {isa = PBXFileReference; lastKnownFileType = file.storyboard; name = Base; path = Base.lproj/Main.storyboard; sourceTree = "<group>"; };
		264EB3CC2347A535004DB01D /* Assets.xcassets */ = {isa = PBXFileReference; lastKnownFileType = folder.assetcatalog; path = Assets.xcassets; sourceTree = "<group>"; };
		264EB3CF2347A535004DB01D /* Base */ = {isa = PBXFileReference; lastKnownFileType = file.storyboard; name = Base; path = Base.lproj/LaunchScreen.storyboard; sourceTree = "<group>"; };
		264EB3D12347A535004DB01D /* Info.plist */ = {isa = PBXFileReference; lastKnownFileType = text.plist.xml; path = Info.plist; sourceTree = "<group>"; };
		264EB3D92347BB96004DB01D /* PressStart2P.ttf */ = {isa = PBXFileReference; lastKnownFileType = file; path = PressStart2P.ttf; sourceTree = "<group>"; };
/* End PBXFileReference section */

/* Begin PBXFrameworksBuildPhase section */
		264EB3B92347A534004DB01D /* Frameworks */ = {
			isa = PBXFrameworksBuildPhase;
			buildActionMask = 2147483647;
			files = (
			);
			runOnlyForDeploymentPostprocessing = 0;
		};
/* End PBXFrameworksBuildPhase section */

/* Begin PBXGroup section */
		264EB3B32347A534004DB01D = {
			isa = PBXGroup;
			children = (
				264EB3BE2347A534004DB01D /* Pong */,
				264EB3BD2347A534004DB01D /* Products */,
			);
			sourceTree = "<group>";
		};
		264EB3BD2347A534004DB01D /* Products */ = {
			isa = PBXGroup;
			children = (
				264EB3BC2347A534004DB01D /* Pong.app */,
			);
			name = Products;
			sourceTree = "<group>";
		};
		264EB3BE2347A534004DB01D /* Pong */ = {
			isa = PBXGroup;
			children = (
				264EB3BF2347A534004DB01D /* AppDelegate.swift */,
				264EB3C12347A534004DB01D /* GameScene.sks */,
				264EB3C32347A534004DB01D /* Actions.sks */,
				264EB3C52347A534004DB01D /* GameScene.swift */,
				264EB3C72347A534004DB01D /* GameViewController.swift */,
				264EB3C92347A534004DB01D /* Main.storyboard */,
				264EB3CC2347A535004DB01D /* Assets.xcassets */,
				264EB3CE2347A535004DB01D /* LaunchScreen.storyboard */,
				264EB3D12347A535004DB01D /* Info.plist */,
				264EB3D92347BB96004DB01D /* PressStart2P.ttf */,
			);
			path = Pong;
			sourceTree = "<group>";
		};
/* End PBXGroup section */

/* Begin PBXNativeTarget section */
		264EB3BB2347A534004DB01D /* Pong */ = {
			isa = PBXNativeTarget;
			buildConfigurationList = 264EB3D42347A535004DB01D /* Build configuration list for PBXNativeTarget "Pong" */;
			buildPhases = (
				264EB3B82347A534004DB01D /* Sources */,
				264EB3B92347A534004DB01D /* Frameworks */,
				264EB3BA2347A534004DB01D /* Resources */,
			);
			buildRules = (
			);
			dependencies = (
			);
			name = Pong;
			productName = Pong;
			productReference = 264EB3BC2347A534004DB01D /* Pong.app */;
			productType = "com.apple.product-type.application";
		};
/* End PBXNativeTarget section */

/* Begin PBXProject section */
		264EB3B42347A534004DB01D /* Project object */ = {
			isa = PBXProject;
			attributes = {
				LastSwiftUpdateCheck = 1100;
				LastUpgradeCheck = 1100;
				ORGANIZATIONNAME = "Andy Dymond";
				TargetAttributes = {
					264EB3BB2347A534004DB01D = {
						CreatedOnToolsVersion = 11.0;
					};
				};
			};
			buildConfigurationList = 264EB3B72347A534004DB01D /* Build configuration list for PBXProject "Pong" */;
			compatibilityVersion = "Xcode 9.3";
			developmentRegion = en;
			hasScannedForEncodings = 0;
			knownRegions = (
				en,
				Base,
			);
			mainGroup = 264EB3B32347A534004DB01D;
			productRefGroup = 264EB3BD2347A534004DB01D /* Products */;
			projectDirPath = "";
			projectRoot = "";
			targets = (
				264EB3BB2347A534004DB01D /* Pong */,
			);
		};
/* End PBXProject section */

/* Begin PBXResourcesBuildPhase section */
		264EB3BA2347A534004DB01D /* Resources */ = {
			isa = PBXResourcesBuildPhase;
			buildActionMask = 2147483647;
			files = (
				264EB3CB2347A534004DB01D /* Main.storyboard in Resources */,
				264EB3C22347A534004DB01D /* GameScene.sks in Resources */,
				264EB3CD2347A535004DB01D /* Assets.xcassets in Resources */,
				264EB3DA2347BB96004DB01D /* PressStart2P.ttf in Resources */,
				264EB3D02347A535004DB01D /* LaunchScreen.storyboard in Resources */,
				264EB3C42347A534004DB01D /* Actions.sks in Resources */,
			);
			runOnlyForDeploymentPostprocessing = 0;
		};
/* End PBXResourcesBuildPhase section */

/* Begin PBXSourcesBuildPhase section */
		264EB3B82347A534004DB01D /* Sources */ = {
			isa = PBXSourcesBuildPhase;
			buildActionMask = 2147483647;
			files = (
				264EB3C62347A534004DB01D /* GameScene.swift in Sources */,
				264EB3C82347A534004DB01D /* GameViewController.swift in Sources */,
				264EB3C02347A534004DB01D /* AppDelegate.swift in Sources */,
			);
			runOnlyForDeploymentPostprocessing = 0;
		};
/* End PBXSourcesBuildPhase section */

/* Begin PBXVariantGroup section */
		264EB3C92347A534004DB01D /* Main.storyboard */ = {
			isa = PBXVariantGroup;
			children = (
				264EB3CA2347A534004DB01D /* Base */,
			);
			name = Main.storyboard;
			sourceTree = "<group>";
		};
		264EB3CE2347A535004DB01D /* LaunchScreen.storyboard */ = {
			isa = PBXVariantGroup;
			children = (
				264EB3CF2347A535004DB01D /* Base */,
			);
			name = LaunchScreen.storyboard;
			sourceTree = "<group>";
		};
/* End PBXVariantGroup section */

/* Begin XCBuildConfiguration section */
		264EB3D22347A535004DB01D /* Debug */ = {
			isa = XCBuildConfiguration;
			buildSettings = {
				ALWAYS_SEARCH_USER_PATHS = NO;
				CLANG_ANALYZER_NONNULL = YES;
				CLANG_ANALYZER_NUMBER_OBJECT_CONVERSION = YES_AGGRESSIVE;
				CLANG_CXX_LANGUAGE_STANDARD = "gnu++14";
				CLANG_CXX_LIBRARY = "libc++";
				CLANG_ENABLE_MODULES = YES;
				CLANG_ENABLE_OBJC_ARC = YES;
				CLANG_ENABLE_OBJC_WEAK = YES;
				CLANG_WARN_BLOCK_CAPTURE_AUTORELEASING = YES;
				CLANG_WARN_BOOL_CONVERSION = YES;
				CLANG_WARN_COMMA = YES;
				CLANG_WARN_CONSTANT_CONVERSION = YES;
				CLANG_WARN_DEPRECATED_OBJC_IMPLEMENTATIONS = YES;
				CLANG_WARN_DIRECT_OBJC_ISA_USAGE = YES_ERROR;
				CLANG_WARN_DOCUMENTATION_COMMENTS = YES;
				CLANG_WARN_EMPTY_BODY = YES;
				CLANG_WARN_ENUM_CONVERSION = YES;
				CLANG_WARN_INFINITE_RECURSION = YES;
				CLANG_WARN_INT_CONVERSION = YES;
				CLANG_WARN_NON_LITERAL_NULL_CONVERSION = YES;
				CLANG_WARN_OBJC_IMPLICIT_RETAIN_SELF = YES;
				CLANG_WARN_OBJC_LITERAL_CONVERSION = YES;
				CLANG_WARN_OBJC_ROOT_CLASS = YES_ERROR;
				CLANG_WARN_RANGE_LOOP_ANALYSIS = YES;
				CLANG_WARN_STRICT_PROTOTYPES = YES;
				CLANG_WARN_SUSPICIOUS_MOVE = YES;
				CLANG_WARN_UNGUARDED_AVAILABILITY = YES_AGGRESSIVE;
				CLANG_WARN_UNREACHABLE_CODE = YES;
				CLANG_WARN__DUPLICATE_METHOD_MATCH = YES;
				COPY_PHASE_STRIP = NO;
				DEBUG_INFORMATION_FORMAT = dwarf;
				ENABLE_STRICT_OBJC_MSGSEND = YES;
				ENABLE_TESTABILITY = YES;
				GCC_C_LANGUAGE_STANDARD = gnu11;
				GCC_DYNAMIC_NO_PIC = NO;
				GCC_NO_COMMON_BLOCKS = YES;
				GCC_OPTIMIZATION_LEVEL = 0;
				GCC_PREPROCESSOR_DEFINITIONS = (
					"DEBUG=1",
					"$(inherited)",
				);
				GCC_WARN_64_TO_32_BIT_CONVERSION = YES;
				GCC_WARN_ABOUT_RETURN_TYPE = YES_ERROR;
				GCC_WARN_UNDECLARED_SELECTOR = YES;
				GCC_WARN_UNINITIALIZED_AUTOS = YES_AGGRESSIVE;
				GCC_WARN_UNUSED_FUNCTION = YES;
				GCC_WARN_UNUSED_VARIABLE = YES;
				IPHONEOS_DEPLOYMENT_TARGET = 13.0;
				MTL_ENABLE_DEBUG_INFO = INCLUDE_SOURCE;
				MTL_FAST_MATH = YES;
				ONLY_ACTIVE_ARCH = YES;
				SDKROOT = iphoneos;
				SWIFT_ACTIVE_COMPILATION_CONDITIONS = DEBUG;
				SWIFT_OPTIMIZATION_LEVEL = "-Onone";
			};
			name = Debug;
		};
		264EB3D32347A535004DB01D /* Release */ = {
			isa = XCBuildConfiguration;
			buildSettings = {
				ALWAYS_SEARCH_USER_PATHS = NO;
				CLANG_ANALYZER_NONNULL = YES;
				CLANG_ANALYZER_NUMBER_OBJECT_CONVERSION = YES_AGGRESSIVE;
				CLANG_CXX_LANGUAGE_STANDARD = "gnu++14";
				CLANG_CXX_LIBRARY = "libc++";
				CLANG_ENABLE_MODULES = YES;
				CLANG_ENABLE_OBJC_ARC = YES;
				CLANG_ENABLE_OBJC_WEAK = YES;
				CLANG_WARN_BLOCK_CAPTURE_AUTORELEASING = YES;
				CLANG_WARN_BOOL_CONVERSION = YES;
				CLANG_WARN_COMMA = YES;
				CLANG_WARN_CONSTANT_CONVERSION = YES;
				CLANG_WARN_DEPRECATED_OBJC_IMPLEMENTATIONS = YES;
				CLANG_WARN_DIRECT_OBJC_ISA_USAGE = YES_ERROR;
				CLANG_WARN_DOCUMENTATION_COMMENTS = YES;
				CLANG_WARN_EMPTY_BODY = YES;
				CLANG_WARN_ENUM_CONVERSION = YES;
				CLANG_WARN_INFINITE_RECURSION = YES;
				CLANG_WARN_INT_CONVERSION = YES;
				CLANG_WARN_NON_LITERAL_NULL_CONVERSION = YES;
				CLANG_WARN_OBJC_IMPLICIT_RETAIN_SELF = YES;
				CLANG_WARN_OBJC_LITERAL_CONVERSION = YES;
				CLANG_WARN_OBJC_ROOT_CLASS = YES_ERROR;
				CLANG_WARN_RANGE_LOOP_ANALYSIS = YES;
				CLANG_WARN_STRICT_PROTOTYPES = YES;
				CLANG_WARN_SUSPICIOUS_MOVE = YES;
				CLANG_WARN_UNGUARDED_AVAILABILITY = YES_AGGRESSIVE;
				CLANG_WARN_UNREACHABLE_CODE = YES;
				CLANG_WARN__DUPLICATE_METHOD_MATCH = YES;
				COPY_PHASE_STRIP = NO;
				DEBUG_INFORMATION_FORMAT = "dwarf-with-dsym";
				ENABLE_NS_ASSERTIONS = NO;
				ENABLE_STRICT_OBJC_MSGSEND = YES;
				GCC_C_LANGUAGE_STANDARD = gnu11;
				GCC_NO_COMMON_BLOCKS = YES;
				GCC_WARN_64_TO_32_BIT_CONVERSION = YES;
				GCC_WARN_ABOUT_RETURN_TYPE = YES_ERROR;
				GCC_WARN_UNDECLARED_SELECTOR = YES;
				GCC_WARN_UNINITIALIZED_AUTOS = YES_AGGRESSIVE;
				GCC_WARN_UNUSED_FUNCTION = YES;
				GCC_WARN_UNUSED_VARIABLE = YES;
				IPHONEOS_DEPLOYMENT_TARGET = 13.0;
				MTL_ENABLE_DEBUG_INFO = NO;
				MTL_FAST_MATH = YES;
				SDKROOT = iphoneos;
				SWIFT_COMPILATION_MODE = wholemodule;
				SWIFT_OPTIMIZATION_LEVEL = "-O";
				VALIDATE_PRODUCT = YES;
			};
			name = Release;
		};
		264EB3D52347A535004DB01D /* Debug */ = {
			isa = XCBuildConfiguration;
			buildSettings = {
				ASSETCATALOG_COMPILER_APPICON_NAME = AppIcon;
				CODE_SIGN_STYLE = Automatic;
				INFOPLIST_FILE = Pong/Info.plist;
				LD_RUNPATH_SEARCH_PATHS = (
					"$(inherited)",
					"@executable_path/Frameworks",
				);
				PRODUCT_BUNDLE_IDENTIFIER = andy.dymond.Pong;
				PRODUCT_NAME = "$(TARGET_NAME)";
				SWIFT_VERSION = 5.0;
				TARGETED_DEVICE_FAMILY = "1,2";
			};
			name = Debug;
		};
		264EB3D62347A535004DB01D /* Release */ = {
			isa = XCBuildConfiguration;
			buildSettings = {
				ASSETCATALOG_COMPILER_APPICON_NAME = AppIcon;
				CODE_SIGN_STYLE = Automatic;
				INFOPLIST_FILE = Pong/Info.plist;
				LD_RUNPATH_SEARCH_PATHS = (
					"$(inherited)",
					"@executable_path/Frameworks",
				);
				PRODUCT_BUNDLE_IDENTIFIER = andy.dymond.Pong;
				PRODUCT_NAME = "$(TARGET_NAME)";
				SWIFT_VERSION = 5.0;
				TARGETED_DEVICE_FAMILY = "1,2";
			};
			name = Release;
		};
/* End XCBuildConfiguration section */

/* Begin XCConfigurationList section */
		264EB3B72347A534004DB01D /* Build configuration list for PBXProject "Pong" */ = {
			isa = XCConfigurationList;
			buildConfigurations = (
				264EB3D22347A535004DB01D /* Debug */,
				264EB3D32347A535004DB01D /* Release */,
			);
			defaultConfigurationIsVisible = 0;
			defaultConfigurationName = Release;
		};
		264EB3D42347A535004DB01D /* Build configuration list for PBXNativeTarget "Pong" */ = {
			isa = XCConfigurationList;
			buildConfigurations = (
				264EB3D52347A535004DB01D /* Debug */,
				264EB3D62347A535004DB01D /* Release */,
			);
			defaultConfigurationIsVisible = 0;
			defaultConfigurationName = Release;
		};
/* End XCConfigurationList section */
	};
	rootObject = 264EB3B42347A534004DB01D /* Project object */;
}
